// !$*UTF8*$!
{
	archiveVersion = 1;
	classes = {
	};
	objectVersion = 56;
	objects = {

/* Begin PBXBuildFile section */
		2A18A52E2A28FD7200398CAB /* ForecastCell.swift in Sources */ = {isa = PBXBuildFile; fileRef = 2A18A52C2A28FD7200398CAB /* ForecastCell.swift */; };
		2A18A52F2A28FD7200398CAB /* ForecastCell.xib in Resources */ = {isa = PBXBuildFile; fileRef = 2A18A52D2A28FD7200398CAB /* ForecastCell.xib */; };
		2A87DC8F2A2797DC00CC93F0 /* UITableView.swift in Sources */ = {isa = PBXBuildFile; fileRef = 2A87DC8E2A2797DC00CC93F0 /* UITableView.swift */; };
		2A87DC912A2799B400CC93F0 /* CustomHeaderView.swift in Sources */ = {isa = PBXBuildFile; fileRef = 2A87DC902A2799B400CC93F0 /* CustomHeaderView.swift */; };
		2A87DC932A2799DD00CC93F0 /* CustomHeaderView.xib in Resources */ = {isa = PBXBuildFile; fileRef = 2A87DC922A2799DD00CC93F0 /* CustomHeaderView.xib */; };
		2A87DC952A27B94000CC93F0 /* LocationViewController.swift in Sources */ = {isa = PBXBuildFile; fileRef = 2A87DC942A27B94000CC93F0 /* LocationViewController.swift */; };
		2A87DC982A27BCBB00CC93F0 /* SharedProtocols.swift in Sources */ = {isa = PBXBuildFile; fileRef = 2A87DC972A27BCBB00CC93F0 /* SharedProtocols.swift */; };
		2AAF163C2A266C330082E2B9 /* APIRoute.swift in Sources */ = {isa = PBXBuildFile; fileRef = 2AAF163B2A266C330082E2B9 /* APIRoute.swift */; };
		2AAF16422A266CE50082E2B9 /* Environment.swift in Sources */ = {isa = PBXBuildFile; fileRef = 2AAF16412A266CE50082E2B9 /* Environment.swift */; };
		2AAF16442A266D240082E2B9 /* NetworkResponse.swift in Sources */ = {isa = PBXBuildFile; fileRef = 2AAF16432A266D240082E2B9 /* NetworkResponse.swift */; };
		2AAF16462A266D610082E2B9 /* APIClient.swift in Sources */ = {isa = PBXBuildFile; fileRef = 2AAF16452A266D610082E2B9 /* APIClient.swift */; };
		2AAF16482A266D890082E2B9 /* Services.swift in Sources */ = {isa = PBXBuildFile; fileRef = 2AAF16472A266D890082E2B9 /* Services.swift */; };
		2AAF164B2A266DE10082E2B9 /* WeatherResponse.swift in Sources */ = {isa = PBXBuildFile; fileRef = 2AAF164A2A266DE10082E2B9 /* WeatherResponse.swift */; };
		2AAF164D2A266EED0082E2B9 /* WeatherViewController.swift in Sources */ = {isa = PBXBuildFile; fileRef = 2AAF164C2A266EED0082E2B9 /* WeatherViewController.swift */; };
		2AAF16502A266F910082E2B9 /* WeatherViewModel.swift in Sources */ = {isa = PBXBuildFile; fileRef = 2AAF164F2A266F900082E2B9 /* WeatherViewModel.swift */; };
		2AB1546E2A263A95004BF234 /* AppDelegate.swift in Sources */ = {isa = PBXBuildFile; fileRef = 2AB1546D2A263A95004BF234 /* AppDelegate.swift */; };
		2AB154752A263A95004BF234 /* Main.storyboard in Resources */ = {isa = PBXBuildFile; fileRef = 2AB154732A263A95004BF234 /* Main.storyboard */; };
		2AB154772A263A97004BF234 /* Assets.xcassets in Resources */ = {isa = PBXBuildFile; fileRef = 2AB154762A263A97004BF234 /* Assets.xcassets */; };
		2AB1547A2A263A97004BF234 /* LaunchScreen.storyboard in Resources */ = {isa = PBXBuildFile; fileRef = 2AB154782A263A97004BF234 /* LaunchScreen.storyboard */; };
		C8BDFE784B0C510E1271104E /* Pods_Weather_Forecast_App.framework in Frameworks */ = {isa = PBXBuildFile; fileRef = 7561D941AEE89DE5E2FB742D /* Pods_Weather_Forecast_App.framework */; };
/* End PBXBuildFile section */

/* Begin PBXFileReference section */
		2A18A52C2A28FD7200398CAB /* ForecastCell.swift */ = {isa = PBXFileReference; lastKnownFileType = sourcecode.swift; path = ForecastCell.swift; sourceTree = "<group>"; };
		2A18A52D2A28FD7200398CAB /* ForecastCell.xib */ = {isa = PBXFileReference; lastKnownFileType = file.xib; path = ForecastCell.xib; sourceTree = "<group>"; };
		2A87DC8E2A2797DC00CC93F0 /* UITableView.swift */ = {isa = PBXFileReference; lastKnownFileType = sourcecode.swift; path = UITableView.swift; sourceTree = "<group>"; };
		2A87DC902A2799B400CC93F0 /* CustomHeaderView.swift */ = {isa = PBXFileReference; lastKnownFileType = sourcecode.swift; path = CustomHeaderView.swift; sourceTree = "<group>"; };
		2A87DC922A2799DD00CC93F0 /* CustomHeaderView.xib */ = {isa = PBXFileReference; lastKnownFileType = file.xib; path = CustomHeaderView.xib; sourceTree = "<group>"; };
		2A87DC942A27B94000CC93F0 /* LocationViewController.swift */ = {isa = PBXFileReference; lastKnownFileType = sourcecode.swift; path = LocationViewController.swift; sourceTree = "<group>"; };
		2A87DC972A27BCBB00CC93F0 /* SharedProtocols.swift */ = {isa = PBXFileReference; lastKnownFileType = sourcecode.swift; path = SharedProtocols.swift; sourceTree = "<group>"; };
		2AAF163B2A266C330082E2B9 /* APIRoute.swift */ = {isa = PBXFileReference; lastKnownFileType = sourcecode.swift; path = APIRoute.swift; sourceTree = "<group>"; };
		2AAF16412A266CE50082E2B9 /* Environment.swift */ = {isa = PBXFileReference; lastKnownFileType = sourcecode.swift; path = Environment.swift; sourceTree = "<group>"; };
		2AAF16432A266D240082E2B9 /* NetworkResponse.swift */ = {isa = PBXFileReference; lastKnownFileType = sourcecode.swift; path = NetworkResponse.swift; sourceTree = "<group>"; };
		2AAF16452A266D610082E2B9 /* APIClient.swift */ = {isa = PBXFileReference; lastKnownFileType = sourcecode.swift; path = APIClient.swift; sourceTree = "<group>"; };
		2AAF16472A266D890082E2B9 /* Services.swift */ = {isa = PBXFileReference; lastKnownFileType = sourcecode.swift; path = Services.swift; sourceTree = "<group>"; };
		2AAF164A2A266DE10082E2B9 /* WeatherResponse.swift */ = {isa = PBXFileReference; lastKnownFileType = sourcecode.swift; path = WeatherResponse.swift; sourceTree = "<group>"; };
		2AAF164C2A266EED0082E2B9 /* WeatherViewController.swift */ = {isa = PBXFileReference; lastKnownFileType = sourcecode.swift; path = WeatherViewController.swift; sourceTree = "<group>"; };
		2AAF164F2A266F900082E2B9 /* WeatherViewModel.swift */ = {isa = PBXFileReference; lastKnownFileType = sourcecode.swift; path = WeatherViewModel.swift; sourceTree = "<group>"; };
		2AB1546A2A263A95004BF234 /* Weather Forecast App.app */ = {isa = PBXFileReference; explicitFileType = wrapper.application; includeInIndex = 0; path = "Weather Forecast App.app"; sourceTree = BUILT_PRODUCTS_DIR; };
		2AB1546D2A263A95004BF234 /* AppDelegate.swift */ = {isa = PBXFileReference; lastKnownFileType = sourcecode.swift; path = AppDelegate.swift; sourceTree = "<group>"; };
		2AB154742A263A95004BF234 /* Base */ = {isa = PBXFileReference; lastKnownFileType = file.storyboard; name = Base; path = Base.lproj/Main.storyboard; sourceTree = "<group>"; };
		2AB154762A263A97004BF234 /* Assets.xcassets */ = {isa = PBXFileReference; lastKnownFileType = folder.assetcatalog; path = Assets.xcassets; sourceTree = "<group>"; };
		2AB154792A263A97004BF234 /* Base */ = {isa = PBXFileReference; lastKnownFileType = file.storyboard; name = Base; path = Base.lproj/LaunchScreen.storyboard; sourceTree = "<group>"; };
		2AB1547B2A263A97004BF234 /* Info.plist */ = {isa = PBXFileReference; lastKnownFileType = text.plist.xml; path = Info.plist; sourceTree = "<group>"; };
		7561D941AEE89DE5E2FB742D /* Pods_Weather_Forecast_App.framework */ = {isa = PBXFileReference; explicitFileType = wrapper.framework; includeInIndex = 0; path = Pods_Weather_Forecast_App.framework; sourceTree = BUILT_PRODUCTS_DIR; };
		892B8EE1EEF43D0CE8A0F6B5 /* Pods-Weather Forecast App.release.xcconfig */ = {isa = PBXFileReference; includeInIndex = 1; lastKnownFileType = text.xcconfig; name = "Pods-Weather Forecast App.release.xcconfig"; path = "Target Support Files/Pods-Weather Forecast App/Pods-Weather Forecast App.release.xcconfig"; sourceTree = "<group>"; };
		943AEA8E300131BBEB6E2821 /* Pods-Weather Forecast App.debug.xcconfig */ = {isa = PBXFileReference; includeInIndex = 1; lastKnownFileType = text.xcconfig; name = "Pods-Weather Forecast App.debug.xcconfig"; path = "Target Support Files/Pods-Weather Forecast App/Pods-Weather Forecast App.debug.xcconfig"; sourceTree = "<group>"; };
/* End PBXFileReference section */

/* Begin PBXFrameworksBuildPhase section */
		2AB154672A263A95004BF234 /* Frameworks */ = {
			isa = PBXFrameworksBuildPhase;
			buildActionMask = 2147483647;
			files = (
				C8BDFE784B0C510E1271104E /* Pods_Weather_Forecast_App.framework in Frameworks */,
			);
			runOnlyForDeploymentPostprocessing = 0;
		};
/* End PBXFrameworksBuildPhase section */

/* Begin PBXGroup section */
		2A87DC8B2A2796F300CC93F0 /* View */ = {
			isa = PBXGroup;
			children = (
				2A87DC902A2799B400CC93F0 /* CustomHeaderView.swift */,
				2A87DC922A2799DD00CC93F0 /* CustomHeaderView.xib */,
				2A18A52C2A28FD7200398CAB /* ForecastCell.swift */,
				2A18A52D2A28FD7200398CAB /* ForecastCell.xib */,
			);
			path = View;
			sourceTree = "<group>";
		};
		2A87DC8C2A27979B00CC93F0 /* Helpers */ = {
			isa = PBXGroup;
			children = (
				2A87DC8D2A2797B700CC93F0 /* Extensions */,
				2A87DC962A27BC7100CC93F0 /* Router */,
			);
			path = Helpers;
			sourceTree = "<group>";
		};
		2A87DC8D2A2797B700CC93F0 /* Extensions */ = {
			isa = PBXGroup;
			children = (
				2A87DC8E2A2797DC00CC93F0 /* UITableView.swift */,
			);
			path = Extensions;
			sourceTree = "<group>";
		};
		2A87DC962A27BC7100CC93F0 /* Router */ = {
			isa = PBXGroup;
			children = (
				2A87DC972A27BCBB00CC93F0 /* SharedProtocols.swift */,
			);
			path = Router;
			sourceTree = "<group>";
		};
		2AAF163D2A266C900082E2B9 /* Model */ = {
			isa = PBXGroup;
			children = (
				2AAF16492A266DC60082E2B9 /* ResponseModel */,
				2AAF16402A266CC40082E2B9 /* NetworkModel */,
			);
			path = Model;
			sourceTree = "<group>";
		};
		2AAF16402A266CC40082E2B9 /* NetworkModel */ = {
			isa = PBXGroup;
			children = (
				2AAF16412A266CE50082E2B9 /* Environment.swift */,
				2AAF16432A266D240082E2B9 /* NetworkResponse.swift */,
			);
			path = NetworkModel;
			sourceTree = "<group>";
		};
		2AAF16492A266DC60082E2B9 /* ResponseModel */ = {
			isa = PBXGroup;
			children = (
				2AAF164A2A266DE10082E2B9 /* WeatherResponse.swift */,
			);
			path = ResponseModel;
			sourceTree = "<group>";
		};
		2AAF164E2A266F660082E2B9 /* ViewModel */ = {
			isa = PBXGroup;
			children = (
				2AAF164F2A266F900082E2B9 /* WeatherViewModel.swift */,
			);
			path = ViewModel;
			sourceTree = "<group>";
		};
		2AB154612A263A95004BF234 = {
			isa = PBXGroup;
			children = (
				2AB1546C2A263A95004BF234 /* Weather Forecast App */,
				2AB1546B2A263A95004BF234 /* Products */,
				8C07C181C5E412CCE2B81D38 /* Pods */,
				40912A99DF2DD3F7DED024BA /* Frameworks */,
			);
			sourceTree = "<group>";
		};
		2AB1546B2A263A95004BF234 /* Products */ = {
			isa = PBXGroup;
			children = (
				2AB1546A2A263A95004BF234 /* Weather Forecast App.app */,
			);
			name = Products;
			sourceTree = "<group>";
		};
		2AB1546C2A263A95004BF234 /* Weather Forecast App */ = {
			isa = PBXGroup;
			children = (
				2AB154812A26428A004BF234 /* App */,
				2AAF163D2A266C900082E2B9 /* Model */,
				2A87DC8B2A2796F300CC93F0 /* View */,
				2AAF164E2A266F660082E2B9 /* ViewModel */,
				2AB154862A264384004BF234 /* Networking */,
				2AB154822A264294004BF234 /* ViewController */,
				2AB154832A2642A6004BF234 /* Storyboard */,
				2A87DC8C2A27979B00CC93F0 /* Helpers */,
				2AB154842A2642D3004BF234 /* Resources */,
				2AB154852A2642E3004BF234 /* SupportFile */,
			);
			path = "Weather Forecast App";
			sourceTree = "<group>";
		};
		2AB154812A26428A004BF234 /* App */ = {
			isa = PBXGroup;
			children = (
				2AB1546D2A263A95004BF234 /* AppDelegate.swift */,
			);
			path = App;
			sourceTree = "<group>";
		};
		2AB154822A264294004BF234 /* ViewController */ = {
			isa = PBXGroup;
			children = (
				2AAF164C2A266EED0082E2B9 /* WeatherViewController.swift */,
				2A87DC942A27B94000CC93F0 /* LocationViewController.swift */,
			);
			path = ViewController;
			sourceTree = "<group>";
		};
		2AB154832A2642A6004BF234 /* Storyboard */ = {
			isa = PBXGroup;
			children = (
				2AB154732A263A95004BF234 /* Main.storyboard */,
				2AB154782A263A97004BF234 /* LaunchScreen.storyboard */,
			);
			path = Storyboard;
			sourceTree = "<group>";
		};
		2AB154842A2642D3004BF234 /* Resources */ = {
			isa = PBXGroup;
			children = (
				2AB154762A263A97004BF234 /* Assets.xcassets */,
			);
			path = Resources;
			sourceTree = "<group>";
		};
		2AB154852A2642E3004BF234 /* SupportFile */ = {
			isa = PBXGroup;
			children = (
				2AB1547B2A263A97004BF234 /* Info.plist */,
			);
			path = SupportFile;
			sourceTree = "<group>";
		};
		2AB154862A264384004BF234 /* Networking */ = {
			isa = PBXGroup;
			children = (
				2AAF163B2A266C330082E2B9 /* APIRoute.swift */,
				2AAF16452A266D610082E2B9 /* APIClient.swift */,
				2AAF16472A266D890082E2B9 /* Services.swift */,
			);
			path = Networking;
			sourceTree = "<group>";
		};
		40912A99DF2DD3F7DED024BA /* Frameworks */ = {
			isa = PBXGroup;
			children = (
				7561D941AEE89DE5E2FB742D /* Pods_Weather_Forecast_App.framework */,
			);
			name = Frameworks;
			sourceTree = "<group>";
		};
		8C07C181C5E412CCE2B81D38 /* Pods */ = {
			isa = PBXGroup;
			children = (
				943AEA8E300131BBEB6E2821 /* Pods-Weather Forecast App.debug.xcconfig */,
				892B8EE1EEF43D0CE8A0F6B5 /* Pods-Weather Forecast App.release.xcconfig */,
			);
			path = Pods;
			sourceTree = "<group>";
		};
/* End PBXGroup section */

/* Begin PBXNativeTarget section */
		2AB154692A263A95004BF234 /* Weather Forecast App */ = {
			isa = PBXNativeTarget;
			buildConfigurationList = 2AB1547E2A263A97004BF234 /* Build configuration list for PBXNativeTarget "Weather Forecast App" */;
			buildPhases = (
				00F194FEDD0ACEC3BFF6A5B8 /* [CP] Check Pods Manifest.lock */,
				2AB154662A263A95004BF234 /* Sources */,
				2AB154672A263A95004BF234 /* Frameworks */,
				2AB154682A263A95004BF234 /* Resources */,
				E6F31C0B9761AB3B48C3DD31 /* [CP] Embed Pods Frameworks */,
			);
			buildRules = (
			);
			dependencies = (
			);
			name = "Weather Forecast App";
			productName = "Weather Forecast App";
			productReference = 2AB1546A2A263A95004BF234 /* Weather Forecast App.app */;
			productType = "com.apple.product-type.application";
		};
/* End PBXNativeTarget section */

/* Begin PBXProject section */
		2AB154622A263A95004BF234 /* Project object */ = {
			isa = PBXProject;
			attributes = {
				BuildIndependentTargetsInParallel = 1;
				LastSwiftUpdateCheck = 1400;
				LastUpgradeCheck = 1400;
				TargetAttributes = {
					2AB154692A263A95004BF234 = {
						CreatedOnToolsVersion = 14.0.1;
					};
				};
			};
			buildConfigurationList = 2AB154652A263A95004BF234 /* Build configuration list for PBXProject "Weather Forecast App" */;
			compatibilityVersion = "Xcode 14.0";
			developmentRegion = en;
			hasScannedForEncodings = 0;
			knownRegions = (
				en,
				Base,
			);
			mainGroup = 2AB154612A263A95004BF234;
			productRefGroup = 2AB1546B2A263A95004BF234 /* Products */;
			projectDirPath = "";
			projectRoot = "";
			targets = (
				2AB154692A263A95004BF234 /* Weather Forecast App */,
			);
		};
/* End PBXProject section */

/* Begin PBXResourcesBuildPhase section */
		2AB154682A263A95004BF234 /* Resources */ = {
			isa = PBXResourcesBuildPhase;
			buildActionMask = 2147483647;
			files = (
				2A87DC932A2799DD00CC93F0 /* CustomHeaderView.xib in Resources */,
				2AB1547A2A263A97004BF234 /* LaunchScreen.storyboard in Resources */,
				2A18A52F2A28FD7200398CAB /* ForecastCell.xib in Resources */,
				2AB154772A263A97004BF234 /* Assets.xcassets in Resources */,
				2AB154752A263A95004BF234 /* Main.storyboard in Resources */,
			);
			runOnlyForDeploymentPostprocessing = 0;
		};
/* End PBXResourcesBuildPhase section */

/* Begin PBXShellScriptBuildPhase section */
		00F194FEDD0ACEC3BFF6A5B8 /* [CP] Check Pods Manifest.lock */ = {
			isa = PBXShellScriptBuildPhase;
			buildActionMask = 2147483647;
			files = (
			);
			inputFileListPaths = (
			);
			inputPaths = (
				"${PODS_PODFILE_DIR_PATH}/Podfile.lock",
				"${PODS_ROOT}/Manifest.lock",
			);
			name = "[CP] Check Pods Manifest.lock";
			outputFileListPaths = (
			);
			outputPaths = (
				"$(DERIVED_FILE_DIR)/Pods-Weather Forecast App-checkManifestLockResult.txt",
			);
			runOnlyForDeploymentPostprocessing = 0;
			shellPath = /bin/sh;
			shellScript = "diff \"${PODS_PODFILE_DIR_PATH}/Podfile.lock\" \"${PODS_ROOT}/Manifest.lock\" > /dev/null\nif [ $? != 0 ] ; then\n    # print error to STDERR\n    echo \"error: The sandbox is not in sync with the Podfile.lock. Run 'pod install' or update your CocoaPods installation.\" >&2\n    exit 1\nfi\n# This output is used by Xcode 'outputs' to avoid re-running this script phase.\necho \"SUCCESS\" > \"${SCRIPT_OUTPUT_FILE_0}\"\n";
			showEnvVarsInLog = 0;
		};
		E6F31C0B9761AB3B48C3DD31 /* [CP] Embed Pods Frameworks */ = {
			isa = PBXShellScriptBuildPhase;
			buildActionMask = 2147483647;
			files = (
			);
			inputFileListPaths = (
				"${PODS_ROOT}/Target Support Files/Pods-Weather Forecast App/Pods-Weather Forecast App-frameworks-${CONFIGURATION}-input-files.xcfilelist",
			);
			name = "[CP] Embed Pods Frameworks";
			outputFileListPaths = (
				"${PODS_ROOT}/Target Support Files/Pods-Weather Forecast App/Pods-Weather Forecast App-frameworks-${CONFIGURATION}-output-files.xcfilelist",
			);
			runOnlyForDeploymentPostprocessing = 0;
			shellPath = /bin/sh;
			shellScript = "\"${PODS_ROOT}/Target Support Files/Pods-Weather Forecast App/Pods-Weather Forecast App-frameworks.sh\"\n";
			showEnvVarsInLog = 0;
		};
/* End PBXShellScriptBuildPhase section */

/* Begin PBXSourcesBuildPhase section */
		2AB154662A263A95004BF234 /* Sources */ = {
			isa = PBXSourcesBuildPhase;
			buildActionMask = 2147483647;
			files = (
				2AAF16442A266D240082E2B9 /* NetworkResponse.swift in Sources */,
				2AAF16502A266F910082E2B9 /* WeatherViewModel.swift in Sources */,
				2A87DC982A27BCBB00CC93F0 /* SharedProtocols.swift in Sources */,
				2AAF16422A266CE50082E2B9 /* Environment.swift in Sources */,
				2A18A52E2A28FD7200398CAB /* ForecastCell.swift in Sources */,
				2A87DC952A27B94000CC93F0 /* LocationViewController.swift in Sources */,
				2AAF16482A266D890082E2B9 /* Services.swift in Sources */,
				2AAF163C2A266C330082E2B9 /* APIRoute.swift in Sources */,
				2AB1546E2A263A95004BF234 /* AppDelegate.swift in Sources */,
				2AAF164D2A266EED0082E2B9 /* WeatherViewController.swift in Sources */,
				2A87DC8F2A2797DC00CC93F0 /* UITableView.swift in Sources */,
				2A87DC912A2799B400CC93F0 /* CustomHeaderView.swift in Sources */,
				2AAF16462A266D610082E2B9 /* APIClient.swift in Sources */,
				2AAF164B2A266DE10082E2B9 /* WeatherResponse.swift in Sources */,
			);
			runOnlyForDeploymentPostprocessing = 0;
		};
/* End PBXSourcesBuildPhase section */

/* Begin PBXVariantGroup section */
		2AB154732A263A95004BF234 /* Main.storyboard */ = {
			isa = PBXVariantGroup;
			children = (
				2AB154742A263A95004BF234 /* Base */,
			);
			name = Main.storyboard;
			sourceTree = "<group>";
		};
		2AB154782A263A97004BF234 /* LaunchScreen.storyboard */ = {
			isa = PBXVariantGroup;
			children = (
				2AB154792A263A97004BF234 /* Base */,
			);
			name = LaunchScreen.storyboard;
			sourceTree = "<group>";
		};
/* End PBXVariantGroup section */

/* Begin XCBuildConfiguration section */
		2AB1547C2A263A97004BF234 /* Debug */ = {
			isa = XCBuildConfiguration;
			buildSettings = {
				ALWAYS_SEARCH_USER_PATHS = NO;
				CLANG_ANALYZER_NONNULL = YES;
				CLANG_ANALYZER_NUMBER_OBJECT_CONVERSION = YES_AGGRESSIVE;
				CLANG_CXX_LANGUAGE_STANDARD = "gnu++20";
				CLANG_ENABLE_MODULES = YES;
				CLANG_ENABLE_OBJC_ARC = YES;
				CLANG_ENABLE_OBJC_WEAK = YES;
				CLANG_WARN_BLOCK_CAPTURE_AUTORELEASING = YES;
				CLANG_WARN_BOOL_CONVERSION = YES;
				CLANG_WARN_COMMA = YES;
				CLANG_WARN_CONSTANT_CONVERSION = YES;
				CLANG_WARN_DEPRECATED_OBJC_IMPLEMENTATIONS = YES;
				CLANG_WARN_DIRECT_OBJC_ISA_USAGE = YES_ERROR;
				CLANG_WARN_DOCUMENTATION_COMMENTS = YES;
				CLANG_WARN_EMPTY_BODY = YES;
				CLANG_WARN_ENUM_CONVERSION = YES;
				CLANG_WARN_INFINITE_RECURSION = YES;
				CLANG_WARN_INT_CONVERSION = YES;
				CLANG_WARN_NON_LITERAL_NULL_CONVERSION = YES;
				CLANG_WARN_OBJC_IMPLICIT_RETAIN_SELF = YES;
				CLANG_WARN_OBJC_LITERAL_CONVERSION = YES;
				CLANG_WARN_OBJC_ROOT_CLASS = YES_ERROR;
				CLANG_WARN_QUOTED_INCLUDE_IN_FRAMEWORK_HEADER = YES;
				CLANG_WARN_RANGE_LOOP_ANALYSIS = YES;
				CLANG_WARN_STRICT_PROTOTYPES = YES;
				CLANG_WARN_SUSPICIOUS_MOVE = YES;
				CLANG_WARN_UNGUARDED_AVAILABILITY = YES_AGGRESSIVE;
				CLANG_WARN_UNREACHABLE_CODE = YES;
				CLANG_WARN__DUPLICATE_METHOD_MATCH = YES;
				COPY_PHASE_STRIP = NO;
				DEBUG_INFORMATION_FORMAT = dwarf;
				ENABLE_STRICT_OBJC_MSGSEND = YES;
				ENABLE_TESTABILITY = YES;
				GCC_C_LANGUAGE_STANDARD = gnu11;
				GCC_DYNAMIC_NO_PIC = NO;
				GCC_NO_COMMON_BLOCKS = YES;
				GCC_OPTIMIZATION_LEVEL = 0;
				GCC_PREPROCESSOR_DEFINITIONS = (
					"DEBUG=1",
					"$(inherited)",
				);
				GCC_WARN_64_TO_32_BIT_CONVERSION = YES;
				GCC_WARN_ABOUT_RETURN_TYPE = YES_ERROR;
				GCC_WARN_UNDECLARED_SELECTOR = YES;
				GCC_WARN_UNINITIALIZED_AUTOS = YES_AGGRESSIVE;
				GCC_WARN_UNUSED_FUNCTION = YES;
				GCC_WARN_UNUSED_VARIABLE = YES;
				IPHONEOS_DEPLOYMENT_TARGET = 16.0;
				MTL_ENABLE_DEBUG_INFO = INCLUDE_SOURCE;
				MTL_FAST_MATH = YES;
				ONLY_ACTIVE_ARCH = YES;
				SDKROOT = iphoneos;
				SWIFT_ACTIVE_COMPILATION_CONDITIONS = DEBUG;
				SWIFT_OPTIMIZATION_LEVEL = "-Onone";
			};
			name = Debug;
		};
		2AB1547D2A263A97004BF234 /* Release */ = {
			isa = XCBuildConfiguration;
			buildSettings = {
				ALWAYS_SEARCH_USER_PATHS = NO;
				CLANG_ANALYZER_NONNULL = YES;
				CLANG_ANALYZER_NUMBER_OBJECT_CONVERSION = YES_AGGRESSIVE;
				CLANG_CXX_LANGUAGE_STANDARD = "gnu++20";
				CLANG_ENABLE_MODULES = YES;
				CLANG_ENABLE_OBJC_ARC = YES;
				CLANG_ENABLE_OBJC_WEAK = YES;
				CLANG_WARN_BLOCK_CAPTURE_AUTORELEASING = YES;
				CLANG_WARN_BOOL_CONVERSION = YES;
				CLANG_WARN_COMMA = YES;
				CLANG_WARN_CONSTANT_CONVERSION = YES;
				CLANG_WARN_DEPRECATED_OBJC_IMPLEMENTATIONS = YES;
				CLANG_WARN_DIRECT_OBJC_ISA_USAGE = YES_ERROR;
				CLANG_WARN_DOCUMENTATION_COMMENTS = YES;
				CLANG_WARN_EMPTY_BODY = YES;
				CLANG_WARN_ENUM_CONVERSION = YES;
				CLANG_WARN_INFINITE_RECURSION = YES;
				CLANG_WARN_INT_CONVERSION = YES;
				CLANG_WARN_NON_LITERAL_NULL_CONVERSION = YES;
				CLANG_WARN_OBJC_IMPLICIT_RETAIN_SELF = YES;
				CLANG_WARN_OBJC_LITERAL_CONVERSION = YES;
				CLANG_WARN_OBJC_ROOT_CLASS = YES_ERROR;
				CLANG_WARN_QUOTED_INCLUDE_IN_FRAMEWORK_HEADER = YES;
				CLANG_WARN_RANGE_LOOP_ANALYSIS = YES;
				CLANG_WARN_STRICT_PROTOTYPES = YES;
				CLANG_WARN_SUSPICIOUS_MOVE = YES;
				CLANG_WARN_UNGUARDED_AVAILABILITY = YES_AGGRESSIVE;
				CLANG_WARN_UNREACHABLE_CODE = YES;
				CLANG_WARN__DUPLICATE_METHOD_MATCH = YES;
				COPY_PHASE_STRIP = NO;
				DEBUG_INFORMATION_FORMAT = "dwarf-with-dsym";
				ENABLE_NS_ASSERTIONS = NO;
				ENABLE_STRICT_OBJC_MSGSEND = YES;
				GCC_C_LANGUAGE_STANDARD = gnu11;
				GCC_NO_COMMON_BLOCKS = YES;
				GCC_WARN_64_TO_32_BIT_CONVERSION = YES;
				GCC_WARN_ABOUT_RETURN_TYPE = YES_ERROR;
				GCC_WARN_UNDECLARED_SELECTOR = YES;
				GCC_WARN_UNINITIALIZED_AUTOS = YES_AGGRESSIVE;
				GCC_WARN_UNUSED_FUNCTION = YES;
				GCC_WARN_UNUSED_VARIABLE = YES;
				IPHONEOS_DEPLOYMENT_TARGET = 16.0;
				MTL_ENABLE_DEBUG_INFO = NO;
				MTL_FAST_MATH = YES;
				SDKROOT = iphoneos;
				SWIFT_COMPILATION_MODE = wholemodule;
				SWIFT_OPTIMIZATION_LEVEL = "-O";
				VALIDATE_PRODUCT = YES;
			};
			name = Release;
		};
		2AB1547F2A263A97004BF234 /* Debug */ = {
			isa = XCBuildConfiguration;
			baseConfigurationReference = 943AEA8E300131BBEB6E2821 /* Pods-Weather Forecast App.debug.xcconfig */;
			buildSettings = {
				ASSETCATALOG_COMPILER_APPICON_NAME = AppIcon;
				ASSETCATALOG_COMPILER_GLOBAL_ACCENT_COLOR_NAME = AccentColor;
				CODE_SIGN_STYLE = Automatic;
				CURRENT_PROJECT_VERSION = 1;
				GENERATE_INFOPLIST_FILE = YES;
				INFOPLIST_FILE = "Weather Forecast App/SupportFile/Info.plist";
				INFOPLIST_KEY_UIApplicationSupportsIndirectInputEvents = YES;
				INFOPLIST_KEY_UILaunchStoryboardName = LaunchScreen;
				INFOPLIST_KEY_UIMainStoryboardFile = Main;
				INFOPLIST_KEY_UISupportedInterfaceOrientations_iPad = "UIInterfaceOrientationPortrait UIInterfaceOrientationPortraitUpsideDown UIInterfaceOrientationLandscapeLeft UIInterfaceOrientationLandscapeRight";
				INFOPLIST_KEY_UISupportedInterfaceOrientations_iPhone = "UIInterfaceOrientationPortrait UIInterfaceOrientationLandscapeLeft UIInterfaceOrientationLandscapeRight";
				IPHONEOS_DEPLOYMENT_TARGET = 12.0;
				LD_RUNPATH_SEARCH_PATHS = (
					"$(inherited)",
					"@executable_path/Frameworks",
				);
				MARKETING_VERSION = 1.0;
				PRODUCT_BUNDLE_IDENTIFIER = "com.ict.manna.Weather-Forecast-App";
				PRODUCT_NAME = "$(TARGET_NAME)";
				SWIFT_EMIT_LOC_STRINGS = YES;
				SWIFT_VERSION = 5.0;
				TARGETED_DEVICE_FAMILY = "1,2";
			};
			name = Debug;
		};
		2AB154802A263A97004BF234 /* Release */ = {
			isa = XCBuildConfiguration;
			baseConfigurationReference = 892B8EE1EEF43D0CE8A0F6B5 /* Pods-Weather Forecast App.release.xcconfig */;
			buildSettings = {
				ASSETCATALOG_COMPILER_APPICON_NAME = AppIcon;
				ASSETCATALOG_COMPILER_GLOBAL_ACCENT_COLOR_NAME = AccentColor;
				CODE_SIGN_STYLE = Automatic;
				CURRENT_PROJECT_VERSION = 1;
				GENERATE_INFOPLIST_FILE = YES;
				INFOPLIST_FILE = "Weather Forecast App/SupportFile/Info.plist";
				INFOPLIST_KEY_UIApplicationSupportsIndirectInputEvents = YES;
				INFOPLIST_KEY_UILaunchStoryboardName = LaunchScreen;
				INFOPLIST_KEY_UIMainStoryboardFile = Main;
				INFOPLIST_KEY_UISupportedInterfaceOrientations_iPad = "UIInterfaceOrientationPortrait UIInterfaceOrientationPortraitUpsideDown UIInterfaceOrientationLandscapeLeft UIInterfaceOrientationLandscapeRight";
				INFOPLIST_KEY_UISupportedInterfaceOrientations_iPhone = "UIInterfaceOrientationPortrait UIInterfaceOrientationLandscapeLeft UIInterfaceOrientationLandscapeRight";
				IPHONEOS_DEPLOYMENT_TARGET = 12.0;
				LD_RUNPATH_SEARCH_PATHS = (
					"$(inherited)",
					"@executable_path/Frameworks",
				);
				MARKETING_VERSION = 1.0;
				PRODUCT_BUNDLE_IDENTIFIER = "com.ict.manna.Weather-Forecast-App";
				PRODUCT_NAME = "$(TARGET_NAME)";
				SWIFT_EMIT_LOC_STRINGS = YES;
				SWIFT_VERSION = 5.0;
				TARGETED_DEVICE_FAMILY = "1,2";
			};
			name = Release;
		};
/* End XCBuildConfiguration section */

/* Begin XCConfigurationList section */
		2AB154652A263A95004BF234 /* Build configuration list for PBXProject "Weather Forecast App" */ = {
			isa = XCConfigurationList;
			buildConfigurations = (
				2AB1547C2A263A97004BF234 /* Debug */,
				2AB1547D2A263A97004BF234 /* Release */,
			);
			defaultConfigurationIsVisible = 0;
			defaultConfigurationName = Release;
		};
		2AB1547E2A263A97004BF234 /* Build configuration list for PBXNativeTarget "Weather Forecast App" */ = {
			isa = XCConfigurationList;
			buildConfigurations = (
				2AB1547F2A263A97004BF234 /* Debug */,
				2AB154802A263A97004BF234 /* Release */,
			);
			defaultConfigurationIsVisible = 0;
			defaultConfigurationName = Release;
		};
/* End XCConfigurationList section */
	};
	rootObject = 2AB154622A263A95004BF234 /* Project object */;
}
